
Microsoft Visual Studio Solution File, Format Version 12.00
# Visual Studio Version 17
VisualStudioVersion = 17.1.32319.34
MinimumVisualStudioVersion = 10.0.40219.1
Project("{9A19103F-16F7-4668-BE54-9A1E7A4F7556}") = "FptBook", "FptBook\FptBook.csproj", "{F92FC2D7-30A6-48E0-A143-FCF5DFBE09F8}"
EndProject
Global
	GlobalSection(SolutionConfigurationPlatforms) = preSolution
		Debug|Any CPU = Debug|Any CPU
		Release|Any CPU = Release|Any CPU
	EndGlobalSection
	GlobalSection(ProjectConfigurationPlatforms) = postSolution
		{F92FC2D7-30A6-48E0-A143-FCF5DFBE09F8}.Debug|Any CPU.ActiveCfg = Debug|Any CPU
		{F92FC2D7-30A6-48E0-A143-FCF5DFBE09F8}.Debug|Any CPU.Build.0 = Debug|Any CPU
		{F92FC2D7-30A6-48E0-A143-FCF5DFBE09F8}.Release|Any CPU.ActiveCfg = Release|Any CPU
		{F92FC2D7-30A6-48E0-A143-FCF5DFBE09F8}.Release|Any CPU.Build.0 = Release|Any CPU
	EndGlobalSection
	GlobalSection(SolutionProperties) = preSolution
		HideSolutionNode = FALSE
	EndGlobalSection
	GlobalSection(ExtensibilityGlobals) = postSolution
		SolutionGuid = {6BEF9928-FF63-4015-A937-8F9EB8CCBA7B}
	EndGlobalSection
EndGlobal
